
Microsoft Visual Studio Solution File, Format Version 12.00
# Visual Studio Version 17
VisualStudioVersion = 17.7.34031.279
MinimumVisualStudioVersion = 10.0.40219.1
Project("{FAE04EC0-301F-11D3-BF4B-00C04F79EFBC}") = "Powtorzeniowy", "Powtorzeniowy.csproj", "{3EDC3201-C8B6-46CE-97D2-3F97B37E81E2}"
EndProject
Global
	GlobalSection(SolutionConfigurationPlatforms) = preSolution
		Debug|Any CPU = Debug|Any CPU
		Release|Any CPU = Release|Any CPU
	EndGlobalSection
	GlobalSection(ProjectConfigurationPlatforms) = postSolution
		{3EDC3201-C8B6-46CE-97D2-3F97B37E81E2}.Debug|Any CPU.ActiveCfg = Debug|Any CPU
		{3EDC3201-C8B6-46CE-97D2-3F97B37E81E2}.Debug|Any CPU.Build.0 = Debug|Any CPU
		{3EDC3201-C8B6-46CE-97D2-3F97B37E81E2}.Release|Any CPU.ActiveCfg = Release|Any CPU
		{3EDC3201-C8B6-46CE-97D2-3F97B37E81E2}.Release|Any CPU.Build.0 = Release|Any CPU
	EndGlobalSection
	GlobalSection(SolutionProperties) = preSolution
		HideSolutionNode = FALSE
	EndGlobalSection
	GlobalSection(ExtensibilityGlobals) = postSolution
		SolutionGuid = {33BA1F05-DEF5-4088-AC85-398354CD1A1E}
	EndGlobalSection
EndGlobal
